
Microsoft Visual Studio Solution File, Format Version 12.00
# Visual Studio Version 16
VisualStudioVersion = 16.0.29728.190
MinimumVisualStudioVersion = 10.0.40219.1
Project("{FAE04EC0-301F-11D3-BF4B-00C04F79EFBC}") = "exception", "exception\exception.csproj", "{D0C6530E-7038-42CA-B55A-E5FA7BBFD6C0}"
EndProject
Global
	GlobalSection(SolutionConfigurationPlatforms) = preSolution
		Debug|Any CPU = Debug|Any CPU
		Release|Any CPU = Release|Any CPU
	EndGlobalSection
	GlobalSection(ProjectConfigurationPlatforms) = postSolution
		{D0C6530E-7038-42CA-B55A-E5FA7BBFD6C0}.Debug|Any CPU.ActiveCfg = Debug|Any CPU
		{D0C6530E-7038-42CA-B55A-E5FA7BBFD6C0}.Debug|Any CPU.Build.0 = Debug|Any CPU
		{D0C6530E-7038-42CA-B55A-E5FA7BBFD6C0}.Release|Any CPU.ActiveCfg = Release|Any CPU
		{D0C6530E-7038-42CA-B55A-E5FA7BBFD6C0}.Release|Any CPU.Build.0 = Release|Any CPU
	EndGlobalSection
	GlobalSection(SolutionProperties) = preSolution
		HideSolutionNode = FALSE
	EndGlobalSection
	GlobalSection(ExtensibilityGlobals) = postSolution
		SolutionGuid = {D38A4A1A-2D4A-40B8-B28A-A34A102E3F90}
	EndGlobalSection
EndGlobal
